
Microsoft Visual Studio Solution File, Format Version 12.00
# Visual Studio 15
VisualStudioVersion = 15.0.27703.2035
MinimumVisualStudioVersion = 10.0.40219.1
Project("{FAE04EC0-301F-11D3-BF4B-00C04F79EFBC}") = "VkQuizletReminder", "VkQuizletReminder\VkQuizletReminder.csproj", "{58A35B14-B5BC-4900-8B17-D30A9739B111}"
EndProject
Global
	GlobalSection(SolutionConfigurationPlatforms) = preSolution
		Debug|Any CPU = Debug|Any CPU
		Release|Any CPU = Release|Any CPU
	EndGlobalSection
	GlobalSection(ProjectConfigurationPlatforms) = postSolution
		{58A35B14-B5BC-4900-8B17-D30A9739B111}.Debug|Any CPU.ActiveCfg = Debug|Any CPU
		{58A35B14-B5BC-4900-8B17-D30A9739B111}.Debug|Any CPU.Build.0 = Debug|Any CPU
		{58A35B14-B5BC-4900-8B17-D30A9739B111}.Release|Any CPU.ActiveCfg = Release|Any CPU
		{58A35B14-B5BC-4900-8B17-D30A9739B111}.Release|Any CPU.Build.0 = Release|Any CPU
	EndGlobalSection
	GlobalSection(SolutionProperties) = preSolution
		HideSolutionNode = FALSE
	EndGlobalSection
	GlobalSection(ExtensibilityGlobals) = postSolution
		SolutionGuid = {16208F14-62AB-4C2F-B652-845DD2868D96}
	EndGlobalSection
EndGlobal
